
Microsoft Visual Studio Solution File, Format Version 12.00
# Visual Studio Version 16
VisualStudioVersion = 16.0.30002.166
MinimumVisualStudioVersion = 10.0.40219.1
Project("{8BC9CEB8-8B4A-11D0-8D11-00A0C91BC942}") = "01_imageio", "01_imageio\01_imageio.vcxproj", "{34D47C03-3613-4F55-A73A-5560D7C1B85E}"
EndProject
Project("{8BC9CEB8-8B4A-11D0-8D11-00A0C91BC942}") = "02_histogram", "02_histogram\02_histogram.vcxproj", "{108DA194-9054-4E10-AE04-D9A40943C1DD}"
EndProject
Project("{8BC9CEB8-8B4A-11D0-8D11-00A0C91BC942}") = "03_imageFilter", "03_imageFilter\03_imageFilter.vcxproj", "{BD288AF1-C6B1-4205-B9E6-E82D1539BF3E}"
EndProject
Project("{8BC9CEB8-8B4A-11D0-8D11-00A0C91BC942}") = "04_objSegmentationAndDetection", "04_objSegmentationAndDetection\04_objSegmentationAndDetection.vcxproj", "{C5EFAA91-B0E5-4794-B676-6EDE0A97921A}"
EndProject
Project("{8BC9CEB8-8B4A-11D0-8D11-00A0C91BC942}") = "05_faceTracking", "05_faceTracking\05_faceTracking.vcxproj", "{182806A8-7B36-4B15-84DF-B2107186051C}"
EndProject
Project("{8BC9CEB8-8B4A-11D0-8D11-00A0C91BC942}") = "06_videoSurveillanceAndTracking", "06_videoSurveillanceAndTracking\06_videoSurveillanceAndTracking.vcxproj", "{8FE5DE08-6F61-4C76-B5D3-40C6491B40ED}"
EndProject
Project("{8BC9CEB8-8B4A-11D0-8D11-00A0C91BC942}") = "07_facailLandmarkDetection", "07_facailLandmarkDetection\07_facailLandmarkDetection.vcxproj", "{43F20FC7-7A50-41F6-884B-003D5466870B}"
EndProject
Project("{8BC9CEB8-8B4A-11D0-8D11-00A0C91BC942}") = "08_3DHeadPoseEsitmation", "08_3DHeadPoseEsitmation\08_3DHeadPoseEsitmation.vcxproj", "{7C3D72F2-814A-4766-AF04-740ADA48E54E}"
EndProject
Global
	GlobalSection(SolutionConfigurationPlatforms) = preSolution
		Debug|x64 = Debug|x64
		Debug|x86 = Debug|x86
		Release|x64 = Release|x64
		Release|x86 = Release|x86
	EndGlobalSection
	GlobalSection(ProjectConfigurationPlatforms) = postSolution
		{34D47C03-3613-4F55-A73A-5560D7C1B85E}.Debug|x64.ActiveCfg = Debug|x64
		{34D47C03-3613-4F55-A73A-5560D7C1B85E}.Debug|x64.Build.0 = Debug|x64
		{34D47C03-3613-4F55-A73A-5560D7C1B85E}.Debug|x86.ActiveCfg = Debug|Win32
		{34D47C03-3613-4F55-A73A-5560D7C1B85E}.Debug|x86.Build.0 = Debug|Win32
		{34D47C03-3613-4F55-A73A-5560D7C1B85E}.Release|x64.ActiveCfg = Release|x64
		{34D47C03-3613-4F55-A73A-5560D7C1B85E}.Release|x64.Build.0 = Release|x64
		{34D47C03-3613-4F55-A73A-5560D7C1B85E}.Release|x86.ActiveCfg = Release|Win32
		{34D47C03-3613-4F55-A73A-5560D7C1B85E}.Release|x86.Build.0 = Release|Win32
		{108DA194-9054-4E10-AE04-D9A40943C1DD}.Debug|x64.ActiveCfg = Debug|x64
		{108DA194-9054-4E10-AE04-D9A40943C1DD}.Debug|x64.Build.0 = Debug|x64
		{108DA194-9054-4E10-AE04-D9A40943C1DD}.Debug|x86.ActiveCfg = Debug|Win32
		{108DA194-9054-4E10-AE04-D9A40943C1DD}.Debug|x86.Build.0 = Debug|Win32
		{108DA194-9054-4E10-AE04-D9A40943C1DD}.Release|x64.ActiveCfg = Release|x64
		{108DA194-9054-4E10-AE04-D9A40943C1DD}.Release|x64.Build.0 = Release|x64
		{108DA194-9054-4E10-AE04-D9A40943C1DD}.Release|x86.ActiveCfg = Release|Win32
		{108DA194-9054-4E10-AE04-D9A40943C1DD}.Release|x86.Build.0 = Release|Win32
		{BD288AF1-C6B1-4205-B9E6-E82D1539BF3E}.Debug|x64.ActiveCfg = Debug|x64
		{BD288AF1-C6B1-4205-B9E6-E82D1539BF3E}.Debug|x64.Build.0 = Debug|x64
		{BD288AF1-C6B1-4205-B9E6-E82D1539BF3E}.Debug|x86.ActiveCfg = Debug|Win32
		{BD288AF1-C6B1-4205-B9E6-E82D1539BF3E}.Debug|x86.Build.0 = Debug|Win32
		{BD288AF1-C6B1-4205-B9E6-E82D1539BF3E}.Release|x64.ActiveCfg = Release|x64
		{BD288AF1-C6B1-4205-B9E6-E82D1539BF3E}.Release|x64.Build.0 = Release|x64
		{BD288AF1-C6B1-4205-B9E6-E82D1539BF3E}.Release|x86.ActiveCfg = Release|Win32
		{BD288AF1-C6B1-4205-B9E6-E82D1539BF3E}.Release|x86.Build.0 = Release|Win32
		{C5EFAA91-B0E5-4794-B676-6EDE0A97921A}.Debug|x64.ActiveCfg = Debug|x64
		{C5EFAA91-B0E5-4794-B676-6EDE0A97921A}.Debug|x64.Build.0 = Debug|x64
		{C5EFAA91-B0E5-4794-B676-6EDE0A97921A}.Debug|x86.ActiveCfg = Debug|Win32
		{C5EFAA91-B0E5-4794-B676-6EDE0A97921A}.Debug|x86.Build.0 = Debug|Win32
		{C5EFAA91-B0E5-4794-B676-6EDE0A97921A}.Release|x64.ActiveCfg = Release|x64
		{C5EFAA91-B0E5-4794-B676-6EDE0A97921A}.Release|x64.Build.0 = Release|x64
		{C5EFAA91-B0E5-4794-B676-6EDE0A97921A}.Release|x86.ActiveCfg = Release|Win32
		{C5EFAA91-B0E5-4794-B676-6EDE0A97921A}.Release|x86.Build.0 = Release|Win32
		{182806A8-7B36-4B15-84DF-B2107186051C}.Debug|x64.ActiveCfg = Debug|x64
		{182806A8-7B36-4B15-84DF-B2107186051C}.Debug|x64.Build.0 = Debug|x64
		{182806A8-7B36-4B15-84DF-B2107186051C}.Debug|x86.ActiveCfg = Debug|Win32
		{182806A8-7B36-4B15-84DF-B2107186051C}.Debug|x86.Build.0 = Debug|Win32
		{182806A8-7B36-4B15-84DF-B2107186051C}.Release|x64.ActiveCfg = Release|x64
		{182806A8-7B36-4B15-84DF-B2107186051C}.Release|x64.Build.0 = Release|x64
		{182806A8-7B36-4B15-84DF-B2107186051C}.Release|x86.ActiveCfg = Release|Win32
		{182806A8-7B36-4B15-84DF-B2107186051C}.Release|x86.Build.0 = Release|Win32
		{8FE5DE08-6F61-4C76-B5D3-40C6491B40ED}.Debug|x64.ActiveCfg = Debug|x64
		{8FE5DE08-6F61-4C76-B5D3-40C6491B40ED}.Debug|x64.Build.0 = Debug|x64
		{8FE5DE08-6F61-4C76-B5D3-40C6491B40ED}.Debug|x86.ActiveCfg = Debug|Win32
		{8FE5DE08-6F61-4C76-B5D3-40C6491B40ED}.Debug|x86.Build.0 = Debug|Win32
		{8FE5DE08-6F61-4C76-B5D3-40C6491B40ED}.Release|x64.ActiveCfg = Release|x64
		{8FE5DE08-6F61-4C76-B5D3-40C6491B40ED}.Release|x64.Build.0 = Release|x64
		{8FE5DE08-6F61-4C76-B5D3-40C6491B40ED}.Release|x86.ActiveCfg = Release|Win32
		{8FE5DE08-6F61-4C76-B5D3-40C6491B40ED}.Release|x86.Build.0 = Release|Win32
		{43F20FC7-7A50-41F6-884B-003D5466870B}.Debug|x64.ActiveCfg = Debug|x64
		{43F20FC7-7A50-41F6-884B-003D5466870B}.Debug|x64.Build.0 = Debug|x64
		{43F20FC7-7A50-41F6-884B-003D5466870B}.Debug|x86.ActiveCfg = Debug|Win32
		{43F20FC7-7A50-41F6-884B-003D5466870B}.Debug|x86.Build.0 = Debug|Win32
		{43F20FC7-7A50-41F6-884B-003D5466870B}.Release|x64.ActiveCfg = Release|x64
		{43F20FC7-7A50-41F6-884B-003D5466870B}.Release|x64.Build.0 = Release|x64
		{43F20FC7-7A50-41F6-884B-003D5466870B}.Release|x86.ActiveCfg = Release|Win32
		{43F20FC7-7A50-41F6-884B-003D5466870B}.Release|x86.Build.0 = Release|Win32
		{7C3D72F2-814A-4766-AF04-740ADA48E54E}.Debug|x64.ActiveCfg = Debug|x64
		{7C3D72F2-814A-4766-AF04-740ADA48E54E}.Debug|x64.Build.0 = Debug|x64
		{7C3D72F2-814A-4766-AF04-740ADA48E54E}.Debug|x86.ActiveCfg = Debug|Win32
		{7C3D72F2-814A-4766-AF04-740ADA48E54E}.Debug|x86.Build.0 = Debug|Win32
		{7C3D72F2-814A-4766-AF04-740ADA48E54E}.Release|x64.ActiveCfg = Release|x64
		{7C3D72F2-814A-4766-AF04-740ADA48E54E}.Release|x64.Build.0 = Release|x64
		{7C3D72F2-814A-4766-AF04-740ADA48E54E}.Release|x86.ActiveCfg = Release|Win32
		{7C3D72F2-814A-4766-AF04-740ADA48E54E}.Release|x86.Build.0 = Release|Win32
	EndGlobalSection
	GlobalSection(SolutionProperties) = preSolution
		HideSolutionNode = FALSE
	EndGlobalSection
	GlobalSection(ExtensibilityGlobals) = postSolution
		SolutionGuid = {FED39AF4-7B3F-41C8-ABE5-16467F41D996}
	EndGlobalSection
EndGlobal
