
Microsoft Visual Studio Solution File, Format Version 12.00
# Visual Studio Version 16
VisualStudioVersion = 16.0.30002.166
MinimumVisualStudioVersion = 10.0.40219.1
Project("{8BC9CEB8-8B4A-11D0-8D11-00A0C91BC942}") = "01_imageio", "01_imageio\01_imageio.vcxproj", "{34D47C03-3613-4F55-A73A-5560D7C1B85E}"
EndProject
Project("{8BC9CEB8-8B4A-11D0-8D11-00A0C91BC942}") = "02_histogram", "02_histogram\02_histogram.vcxproj", "{108DA194-9054-4E10-AE04-D9A40943C1DD}"
EndProject
Project("{8BC9CEB8-8B4A-11D0-8D11-00A0C91BC942}") = "03_imageFilter", "03_imageFilter\03_imageFilter.vcxproj", "{BD288AF1-C6B1-4205-B9E6-E82D1539BF3E}"
EndProject
Global
	GlobalSection(SolutionConfigurationPlatforms) = preSolution
		Debug|x64 = Debug|x64
		Debug|x86 = Debug|x86
		Release|x64 = Release|x64
		Release|x86 = Release|x86
	EndGlobalSection
	GlobalSection(ProjectConfigurationPlatforms) = postSolution
		{34D47C03-3613-4F55-A73A-5560D7C1B85E}.Debug|x64.ActiveCfg = Debug|x64
		{34D47C03-3613-4F55-A73A-5560D7C1B85E}.Debug|x64.Build.0 = Debug|x64
		{34D47C03-3613-4F55-A73A-5560D7C1B85E}.Debug|x86.ActiveCfg = Debug|Win32
		{34D47C03-3613-4F55-A73A-5560D7C1B85E}.Debug|x86.Build.0 = Debug|Win32
		{34D47C03-3613-4F55-A73A-5560D7C1B85E}.Release|x64.ActiveCfg = Release|x64
		{34D47C03-3613-4F55-A73A-5560D7C1B85E}.Release|x64.Build.0 = Release|x64
		{34D47C03-3613-4F55-A73A-5560D7C1B85E}.Release|x86.ActiveCfg = Release|Win32
		{34D47C03-3613-4F55-A73A-5560D7C1B85E}.Release|x86.Build.0 = Release|Win32
		{108DA194-9054-4E10-AE04-D9A40943C1DD}.Debug|x64.ActiveCfg = Debug|x64
		{108DA194-9054-4E10-AE04-D9A40943C1DD}.Debug|x64.Build.0 = Debug|x64
		{108DA194-9054-4E10-AE04-D9A40943C1DD}.Debug|x86.ActiveCfg = Debug|Win32
		{108DA194-9054-4E10-AE04-D9A40943C1DD}.Debug|x86.Build.0 = Debug|Win32
		{108DA194-9054-4E10-AE04-D9A40943C1DD}.Release|x64.ActiveCfg = Release|x64
		{108DA194-9054-4E10-AE04-D9A40943C1DD}.Release|x64.Build.0 = Release|x64
		{108DA194-9054-4E10-AE04-D9A40943C1DD}.Release|x86.ActiveCfg = Release|Win32
		{108DA194-9054-4E10-AE04-D9A40943C1DD}.Release|x86.Build.0 = Release|Win32
		{BD288AF1-C6B1-4205-B9E6-E82D1539BF3E}.Debug|x64.ActiveCfg = Debug|x64
		{BD288AF1-C6B1-4205-B9E6-E82D1539BF3E}.Debug|x64.Build.0 = Debug|x64
		{BD288AF1-C6B1-4205-B9E6-E82D1539BF3E}.Debug|x86.ActiveCfg = Debug|Win32
		{BD288AF1-C6B1-4205-B9E6-E82D1539BF3E}.Debug|x86.Build.0 = Debug|Win32
		{BD288AF1-C6B1-4205-B9E6-E82D1539BF3E}.Release|x64.ActiveCfg = Release|x64
		{BD288AF1-C6B1-4205-B9E6-E82D1539BF3E}.Release|x64.Build.0 = Release|x64
		{BD288AF1-C6B1-4205-B9E6-E82D1539BF3E}.Release|x86.ActiveCfg = Release|Win32
		{BD288AF1-C6B1-4205-B9E6-E82D1539BF3E}.Release|x86.Build.0 = Release|Win32
	EndGlobalSection
	GlobalSection(SolutionProperties) = preSolution
		HideSolutionNode = FALSE
	EndGlobalSection
	GlobalSection(ExtensibilityGlobals) = postSolution
		SolutionGuid = {FED39AF4-7B3F-41C8-ABE5-16467F41D996}
	EndGlobalSection
EndGlobal
